
Microsoft Visual Studio Solution File, Format Version 12.00
# Visual Studio Version 17
VisualStudioVersion = 17.13.35919.96 d17.13
MinimumVisualStudioVersion = 10.0.40219.1
Project("{FAE04EC0-301F-11D3-BF4B-00C04F79EFBC}") = "Curb.API", "Curb.API\Curb.API.csproj", "{9BCD0607-59D9-4F80-8E51-2A7730601CD9}"
EndProject
Project("{54A90642-561A-4BB1-A94E-469ADEE60C69}") = "Curb.UI", "Curb.UI\Curb.UI.esproj", "{B15B0748-2512-8A75-5AF2-3AE957ACEC37}"
EndProject
Global
	GlobalSection(SolutionConfigurationPlatforms) = preSolution
		Debug|Any CPU = Debug|Any CPU
		Release|Any CPU = Release|Any CPU
	EndGlobalSection
	GlobalSection(ProjectConfigurationPlatforms) = postSolution
		{9BCD0607-59D9-4F80-8E51-2A7730601CD9}.Debug|Any CPU.ActiveCfg = Debug|Any CPU
		{9BCD0607-59D9-4F80-8E51-2A7730601CD9}.Debug|Any CPU.Build.0 = Debug|Any CPU
		{9BCD0607-59D9-4F80-8E51-2A7730601CD9}.Release|Any CPU.ActiveCfg = Release|Any CPU
		{9BCD0607-59D9-4F80-8E51-2A7730601CD9}.Release|Any CPU.Build.0 = Release|Any CPU
		{B15B0748-2512-8A75-5AF2-3AE957ACEC37}.Debug|Any CPU.ActiveCfg = Debug|Any CPU
		{B15B0748-2512-8A75-5AF2-3AE957ACEC37}.Debug|Any CPU.Build.0 = Debug|Any CPU
		{B15B0748-2512-8A75-5AF2-3AE957ACEC37}.Debug|Any CPU.Deploy.0 = Debug|Any CPU
		{B15B0748-2512-8A75-5AF2-3AE957ACEC37}.Release|Any CPU.ActiveCfg = Release|Any CPU
		{B15B0748-2512-8A75-5AF2-3AE957ACEC37}.Release|Any CPU.Build.0 = Release|Any CPU
		{B15B0748-2512-8A75-5AF2-3AE957ACEC37}.Release|Any CPU.Deploy.0 = Release|Any CPU
	EndGlobalSection
	GlobalSection(SolutionProperties) = preSolution
		HideSolutionNode = FALSE
	EndGlobalSection
	GlobalSection(ExtensibilityGlobals) = postSolution
		SolutionGuid = {4F4873E3-D4CC-400C-B53D-9F49C3424885}
	EndGlobalSection
EndGlobal
